// !$*UTF8*$!
{
	archiveVersion = 1;
	classes = {
	};
	objectVersion = 46;
	objects = {

/* Begin PBXBuildFile section */
		5D5823581D654EEC000C3558 /* main.m in Sources */ = {isa = PBXBuildFile; fileRef = 5D5823571D654EEC000C3558 /* main.m */; };
		5D58235B1D654EEC000C3558 /* AppDelegate.m in Sources */ = {isa = PBXBuildFile; fileRef = 5D58235A1D654EEC000C3558 /* AppDelegate.m */; };
		5D58235E1D654EEC000C3558 /* ViewController.m in Sources */ = {isa = PBXBuildFile; fileRef = 5D58235D1D654EEC000C3558 /* ViewController.m */; };
		5D5823611D654EEC000C3558 /* Main.storyboard in Resources */ = {isa = PBXBuildFile; fileRef = 5D58235F1D654EEC000C3558 /* Main.storyboard */; };
		5D5823631D654EEC000C3558 /* Assets.xcassets in Resources */ = {isa = PBXBuildFile; fileRef = 5D5823621D654EEC000C3558 /* Assets.xcassets */; };
		5D5823661D654EEC000C3558 /* LaunchScreen.storyboard in Resources */ = {isa = PBXBuildFile; fileRef = 5D5823641D654EEC000C3558 /* LaunchScreen.storyboard */; };
		5D5823711D654EEC000C3558 /* circlecolorTestTests.m in Sources */ = {isa = PBXBuildFile; fileRef = 5D5823701D654EEC000C3558 /* circlecolorTestTests.m */; };
		5D58237C1D654EEC000C3558 /* circlecolorTestUITests.m in Sources */ = {isa = PBXBuildFile; fileRef = 5D58237B1D654EEC000C3558 /* circlecolorTestUITests.m */; };
/* End PBXBuildFile section */

/* Begin PBXContainerItemProxy section */
		5D58236D1D654EEC000C3558 /* PBXContainerItemProxy */ = {
			isa = PBXContainerItemProxy;
			containerPortal = 5D58234B1D654EEC000C3558 /* Project object */;
			proxyType = 1;
			remoteGlobalIDString = 5D5823521D654EEC000C3558;
			remoteInfo = circlecolorTest;
		};
		5D5823781D654EEC000C3558 /* PBXContainerItemProxy */ = {
			isa = PBXContainerItemProxy;
			containerPortal = 5D58234B1D654EEC000C3558 /* Project object */;
			proxyType = 1;
			remoteGlobalIDString = 5D5823521D654EEC000C3558;
			remoteInfo = circlecolorTest;
		};
/* End PBXContainerItemProxy section */

/* Begin PBXFileReference section */
		5D5823531D654EEC000C3558 /* circlecolorTest.app */ = {isa = PBXFileReference; explicitFileType = wrapper.application; includeInIndex = 0; path = circlecolorTest.app; sourceTree = BUILT_PRODUCTS_DIR; };
		5D5823571D654EEC000C3558 /* main.m */ = {isa = PBXFileReference; lastKnownFileType = sourcecode.c.objc; path = main.m; sourceTree = "<group>"; };
		5D5823591D654EEC000C3558 /* AppDelegate.h */ = {isa = PBXFileReference; lastKnownFileType = sourcecode.c.h; path = AppDelegate.h; sourceTree = "<group>"; };
		5D58235A1D654EEC000C3558 /* AppDelegate.m */ = {isa = PBXFileReference; lastKnownFileType = sourcecode.c.objc; path = AppDelegate.m; sourceTree = "<group>"; };
		5D58235C1D654EEC000C3558 /* ViewController.h */ = {isa = PBXFileReference; lastKnownFileType = sourcecode.c.h; path = ViewController.h; sourceTree = "<group>"; };
		5D58235D1D654EEC000C3558 /* ViewController.m */ = {isa = PBXFileReference; lastKnownFileType = sourcecode.c.objc; path = ViewController.m; sourceTree = "<group>"; };
		5D5823601D654EEC000C3558 /* Base */ = {isa = PBXFileReference; lastKnownFileType = file.storyboard; name = Base; path = Base.lproj/Main.storyboard; sourceTree = "<group>"; };
		5D5823621D654EEC000C3558 /* Assets.xcassets */ = {isa = PBXFileReference; lastKnownFileType = folder.assetcatalog; path = Assets.xcassets; sourceTree = "<group>"; };
		5D5823651D654EEC000C3558 /* Base */ = {isa = PBXFileReference; lastKnownFileType = file.storyboard; name = Base; path = Base.lproj/LaunchScreen.storyboard; sourceTree = "<group>"; };
		5D5823671D654EEC000C3558 /* Info.plist */ = {isa = PBXFileReference; lastKnownFileType = text.plist.xml; path = Info.plist; sourceTree = "<group>"; };
		5D58236C1D654EEC000C3558 /* circlecolorTestTests.xctest */ = {isa = PBXFileReference; explicitFileType = wrapper.cfbundle; includeInIndex = 0; path = circlecolorTestTests.xctest; sourceTree = BUILT_PRODUCTS_DIR; };
		5D5823701D654EEC000C3558 /* circlecolorTestTests.m */ = {isa = PBXFileReference; lastKnownFileType = sourcecode.c.objc; path = circlecolorTestTests.m; sourceTree = "<group>"; };
		5D5823721D654EEC000C3558 /* Info.plist */ = {isa = PBXFileReference; lastKnownFileType = text.plist.xml; path = Info.plist; sourceTree = "<group>"; };
		5D5823771D654EEC000C3558 /* circlecolorTestUITests.xctest */ = {isa = PBXFileReference; explicitFileType = wrapper.cfbundle; includeInIndex = 0; path = circlecolorTestUITests.xctest; sourceTree = BUILT_PRODUCTS_DIR; };
		5D58237B1D654EEC000C3558 /* circlecolorTestUITests.m */ = {isa = PBXFileReference; lastKnownFileType = sourcecode.c.objc; path = circlecolorTestUITests.m; sourceTree = "<group>"; };
		5D58237D1D654EEC000C3558 /* Info.plist */ = {isa = PBXFileReference; lastKnownFileType = text.plist.xml; path = Info.plist; sourceTree = "<group>"; };
/* End PBXFileReference section */

/* Begin PBXFrameworksBuildPhase section */
		5D5823501D654EEC000C3558 /* Frameworks */ = {
			isa = PBXFrameworksBuildPhase;
			buildActionMask = 2147483647;
			files = (
			);
			runOnlyForDeploymentPostprocessing = 0;
		};
		5D5823691D654EEC000C3558 /* Frameworks */ = {
			isa = PBXFrameworksBuildPhase;
			buildActionMask = 2147483647;
			files = (
			);
			runOnlyForDeploymentPostprocessing = 0;
		};
		5D5823741D654EEC000C3558 /* Frameworks */ = {
			isa = PBXFrameworksBuildPhase;
			buildActionMask = 2147483647;
			files = (
			);
			runOnlyForDeploymentPostprocessing = 0;
		};
/* End PBXFrameworksBuildPhase section */

/* Begin PBXGroup section */
		5D58234A1D654EEC000C3558 = {
			isa = PBXGroup;
			children = (
				5D5823551D654EEC000C3558 /* circlecolorTest */,
				5D58236F1D654EEC000C3558 /* circlecolorTestTests */,
				5D58237A1D654EEC000C3558 /* circlecolorTestUITests */,
				5D5823541D654EEC000C3558 /* Products */,
			);
			sourceTree = "<group>";
		};
		5D5823541D654EEC000C3558 /* Products */ = {
			isa = PBXGroup;
			children = (
				5D5823531D654EEC000C3558 /* circlecolorTest.app */,
				5D58236C1D654EEC000C3558 /* circlecolorTestTests.xctest */,
				5D5823771D654EEC000C3558 /* circlecolorTestUITests.xctest */,
			);
			name = Products;
			sourceTree = "<group>";
		};
		5D5823551D654EEC000C3558 /* circlecolorTest */ = {
			isa = PBXGroup;
			children = (
				5D5823591D654EEC000C3558 /* AppDelegate.h */,
				5D58235A1D654EEC000C3558 /* AppDelegate.m */,
				5D58235C1D654EEC000C3558 /* ViewController.h */,
				5D58235D1D654EEC000C3558 /* ViewController.m */,
				5D58235F1D654EEC000C3558 /* Main.storyboard */,
				5D5823621D654EEC000C3558 /* Assets.xcassets */,
				5D5823641D654EEC000C3558 /* LaunchScreen.storyboard */,
				5D5823671D654EEC000C3558 /* Info.plist */,
				5D5823561D654EEC000C3558 /* Supporting Files */,
			);
			path = circlecolorTest;
			sourceTree = "<group>";
		};
		5D5823561D654EEC000C3558 /* Supporting Files */ = {
			isa = PBXGroup;
			children = (
				5D5823571D654EEC000C3558 /* main.m */,
			);
			name = "Supporting Files";
			sourceTree = "<group>";
		};
		5D58236F1D654EEC000C3558 /* circlecolorTestTests */ = {
			isa = PBXGroup;
			children = (
				5D5823701D654EEC000C3558 /* circlecolorTestTests.m */,
				5D5823721D654EEC000C3558 /* Info.plist */,
			);
			path = circlecolorTestTests;
			sourceTree = "<group>";
		};
		5D58237A1D654EEC000C3558 /* circlecolorTestUITests */ = {
			isa = PBXGroup;
			children = (
				5D58237B1D654EEC000C3558 /* circlecolorTestUITests.m */,
				5D58237D1D654EEC000C3558 /* Info.plist */,
			);
			path = circlecolorTestUITests;
			sourceTree = "<group>";
		};
/* End PBXGroup section */

/* Begin PBXNativeTarget section */
		5D5823521D654EEC000C3558 /* circlecolorTest */ = {
			isa = PBXNativeTarget;
			buildConfigurationList = 5D5823801D654EEC000C3558 /* Build configuration list for PBXNativeTarget "circlecolorTest" */;
			buildPhases = (
				5D58234F1D654EEC000C3558 /* Sources */,
				5D5823501D654EEC000C3558 /* Frameworks */,
				5D5823511D654EEC000C3558 /* Resources */,
			);
			buildRules = (
			);
			dependencies = (
			);
			name = circlecolorTest;
			productName = circlecolorTest;
			productReference = 5D5823531D654EEC000C3558 /* circlecolorTest.app */;
			productType = "com.apple.product-type.application";
		};
		5D58236B1D654EEC000C3558 /* circlecolorTestTests */ = {
			isa = PBXNativeTarget;
			buildConfigurationList = 5D5823831D654EEC000C3558 /* Build configuration list for PBXNativeTarget "circlecolorTestTests" */;
			buildPhases = (
				5D5823681D654EEC000C3558 /* Sources */,
				5D5823691D654EEC000C3558 /* Frameworks */,
				5D58236A1D654EEC000C3558 /* Resources */,
			);
			buildRules = (
			);
			dependencies = (
				5D58236E1D654EEC000C3558 /* PBXTargetDependency */,
			);
			name = circlecolorTestTests;
			productName = circlecolorTestTests;
			productReference = 5D58236C1D654EEC000C3558 /* circlecolorTestTests.xctest */;
			productType = "com.apple.product-type.bundle.unit-test";
		};
		5D5823761D654EEC000C3558 /* circlecolorTestUITests */ = {
			isa = PBXNativeTarget;
			buildConfigurationList = 5D5823861D654EEC000C3558 /* Build configuration list for PBXNativeTarget "circlecolorTestUITests" */;
			buildPhases = (
				5D5823731D654EEC000C3558 /* Sources */,
				5D5823741D654EEC000C3558 /* Frameworks */,
				5D5823751D654EEC000C3558 /* Resources */,
			);
			buildRules = (
			);
			dependencies = (
				5D5823791D654EEC000C3558 /* PBXTargetDependency */,
			);
			name = circlecolorTestUITests;
			productName = circlecolorTestUITests;
			productReference = 5D5823771D654EEC000C3558 /* circlecolorTestUITests.xctest */;
			productType = "com.apple.product-type.bundle.ui-testing";
		};
/* End PBXNativeTarget section */

/* Begin PBXProject section */
		5D58234B1D654EEC000C3558 /* Project object */ = {
			isa = PBXProject;
			attributes = {
				LastUpgradeCheck = 0730;
				ORGANIZATIONNAME = "姬巧春";
				TargetAttributes = {
					5D5823521D654EEC000C3558 = {
						CreatedOnToolsVersion = 7.3.1;
					};
					5D58236B1D654EEC000C3558 = {
						CreatedOnToolsVersion = 7.3.1;
						TestTargetID = 5D5823521D654EEC000C3558;
					};
					5D5823761D654EEC000C3558 = {
						CreatedOnToolsVersion = 7.3.1;
						TestTargetID = 5D5823521D654EEC000C3558;
					};
				};
			};
			buildConfigurationList = 5D58234E1D654EEC000C3558 /* Build configuration list for PBXProject "circlecolorTest" */;
			compatibilityVersion = "Xcode 3.2";
			developmentRegion = English;
			hasScannedForEncodings = 0;
			knownRegions = (
				en,
				Base,
			);
			mainGroup = 5D58234A1D654EEC000C3558;
			productRefGroup = 5D5823541D654EEC000C3558 /* Products */;
			projectDirPath = "";
			projectRoot = "";
			targets = (
				5D5823521D654EEC000C3558 /* circlecolorTest */,
				5D58236B1D654EEC000C3558 /* circlecolorTestTests */,
				5D5823761D654EEC000C3558 /* circlecolorTestUITests */,
			);
		};
/* End PBXProject section */

/* Begin PBXResourcesBuildPhase section */
		5D5823511D654EEC000C3558 /* Resources */ = {
			isa = PBXResourcesBuildPhase;
			buildActionMask = 2147483647;
			files = (
				5D5823661D654EEC000C3558 /* LaunchScreen.storyboard in Resources */,
				5D5823631D654EEC000C3558 /* Assets.xcassets in Resources */,
				5D5823611D654EEC000C3558 /* Main.storyboard in Resources */,
			);
			runOnlyForDeploymentPostprocessing = 0;
		};
		5D58236A1D654EEC000C3558 /* Resources */ = {
			isa = PBXResourcesBuildPhase;
			buildActionMask = 2147483647;
			files = (
			);
			runOnlyForDeploymentPostprocessing = 0;
		};
		5D5823751D654EEC000C3558 /* Resources */ = {
			isa = PBXResourcesBuildPhase;
			buildActionMask = 2147483647;
			files = (
			);
			runOnlyForDeploymentPostprocessing = 0;
		};
/* End PBXResourcesBuildPhase section */

/* Begin PBXSourcesBuildPhase section */
		5D58234F1D654EEC000C3558 /* Sources */ = {
			isa = PBXSourcesBuildPhase;
			buildActionMask = 2147483647;
			files = (
				5D58235E1D654EEC000C3558 /* ViewController.m in Sources */,
				5D58235B1D654EEC000C3558 /* AppDelegate.m in Sources */,
				5D5823581D654EEC000C3558 /* main.m in Sources */,
			);
			runOnlyForDeploymentPostprocessing = 0;
		};
		5D5823681D654EEC000C3558 /* Sources */ = {
			isa = PBXSourcesBuildPhase;
			buildActionMask = 2147483647;
			files = (
				5D5823711D654EEC000C3558 /* circlecolorTestTests.m in Sources */,
			);
			runOnlyForDeploymentPostprocessing = 0;
		};
		5D5823731D654EEC000C3558 /* Sources */ = {
			isa = PBXSourcesBuildPhase;
			buildActionMask = 2147483647;
			files = (
				5D58237C1D654EEC000C3558 /* circlecolorTestUITests.m in Sources */,
			);
			runOnlyForDeploymentPostprocessing = 0;
		};
/* End PBXSourcesBuildPhase section */

/* Begin PBXTargetDependency section */
		5D58236E1D654EEC000C3558 /* PBXTargetDependency */ = {
			isa = PBXTargetDependency;
			target = 5D5823521D654EEC000C3558 /* circlecolorTest */;
			targetProxy = 5D58236D1D654EEC000C3558 /* PBXContainerItemProxy */;
		};
		5D5823791D654EEC000C3558 /* PBXTargetDependency */ = {
			isa = PBXTargetDependency;
			target = 5D5823521D654EEC000C3558 /* circlecolorTest */;
			targetProxy = 5D5823781D654EEC000C3558 /* PBXContainerItemProxy */;
		};
/* End PBXTargetDependency section */

/* Begin PBXVariantGroup section */
		5D58235F1D654EEC000C3558 /* Main.storyboard */ = {
			isa = PBXVariantGroup;
			children = (
				5D5823601D654EEC000C3558 /* Base */,
			);
			name = Main.storyboard;
			sourceTree = "<group>";
		};
		5D5823641D654EEC000C3558 /* LaunchScreen.storyboard */ = {
			isa = PBXVariantGroup;
			children = (
				5D5823651D654EEC000C3558 /* Base */,
			);
			name = LaunchScreen.storyboard;
			sourceTree = "<group>";
		};
/* End PBXVariantGroup section */

/* Begin XCBuildConfiguration section */
		5D58237E1D654EEC000C3558 /* Debug */ = {
			isa = XCBuildConfiguration;
			buildSettings = {
				ALWAYS_SEARCH_USER_PATHS = NO;
				CLANG_ANALYZER_NONNULL = YES;
				CLANG_CXX_LANGUAGE_STANDARD = "gnu++0x";
				CLANG_CXX_LIBRARY = "libc++";
				CLANG_ENABLE_MODULES = YES;
				CLANG_ENABLE_OBJC_ARC = YES;
				CLANG_WARN_BOOL_CONVERSION = YES;
				CLANG_WARN_CONSTANT_CONVERSION = YES;
				CLANG_WARN_DIRECT_OBJC_ISA_USAGE = YES_ERROR;
				CLANG_WARN_EMPTY_BODY = YES;
				CLANG_WARN_ENUM_CONVERSION = YES;
				CLANG_WARN_INT_CONVERSION = YES;
				CLANG_WARN_OBJC_ROOT_CLASS = YES_ERROR;
				CLANG_WARN_UNREACHABLE_CODE = YES;
				CLANG_WARN__DUPLICATE_METHOD_MATCH = YES;
				"CODE_SIGN_IDENTITY[sdk=iphoneos*]" = "iPhone Developer";
				COPY_PHASE_STRIP = NO;
				DEBUG_INFORMATION_FORMAT = dwarf;
				ENABLE_STRICT_OBJC_MSGSEND = YES;
				ENABLE_TESTABILITY = YES;
				GCC_C_LANGUAGE_STANDARD = gnu99;
				GCC_DYNAMIC_NO_PIC = NO;
				GCC_NO_COMMON_BLOCKS = YES;
				GCC_OPTIMIZATION_LEVEL = 0;
				GCC_PREPROCESSOR_DEFINITIONS = (
					"DEBUG=1",
					"$(inherited)",
				);
				GCC_WARN_64_TO_32_BIT_CONVERSION = YES;
				GCC_WARN_ABOUT_RETURN_TYPE = YES_ERROR;
				GCC_WARN_UNDECLARED_SELECTOR = YES;
				GCC_WARN_UNINITIALIZED_AUTOS = YES_AGGRESSIVE;
				GCC_WARN_UNUSED_FUNCTION = YES;
				GCC_WARN_UNUSED_VARIABLE = YES;
				IPHONEOS_DEPLOYMENT_TARGET = 9.3;
				MTL_ENABLE_DEBUG_INFO = YES;
				ONLY_ACTIVE_ARCH = YES;
				SDKROOT = iphoneos;
				TARGETED_DEVICE_FAMILY = "1,2";
			};
			name = Debug;
		};
		5D58237F1D654EEC000C3558 /* Release */ = {
			isa = XCBuildConfiguration;
			buildSettings = {
				ALWAYS_SEARCH_USER_PATHS = NO;
				CLANG_ANALYZER_NONNULL = YES;
				CLANG_CXX_LANGUAGE_STANDARD = "gnu++0x";
				CLANG_CXX_LIBRARY = "libc++";
				CLANG_ENABLE_MODULES = YES;
				CLANG_ENABLE_OBJC_ARC = YES;
				CLANG_WARN_BOOL_CONVERSION = YES;
				CLANG_WARN_CONSTANT_CONVERSION = YES;
				CLANG_WARN_DIRECT_OBJC_ISA_USAGE = YES_ERROR;
				CLANG_WARN_EMPTY_BODY = YES;
				CLANG_WARN_ENUM_CONVERSION = YES;
				CLANG_WARN_INT_CONVERSION = YES;
				CLANG_WARN_OBJC_ROOT_CLASS = YES_ERROR;
				CLANG_WARN_UNREACHABLE_CODE = YES;
				CLANG_WARN__DUPLICATE_METHOD_MATCH = YES;
				"CODE_SIGN_IDENTITY[sdk=iphoneos*]" = "iPhone Developer";
				COPY_PHASE_STRIP = NO;
				DEBUG_INFORMATION_FORMAT = "dwarf-with-dsym";
				ENABLE_NS_ASSERTIONS = NO;
				ENABLE_STRICT_OBJC_MSGSEND = YES;
				GCC_C_LANGUAGE_STANDARD = gnu99;
				GCC_NO_COMMON_BLOCKS = YES;
				GCC_WARN_64_TO_32_BIT_CONVERSION = YES;
				GCC_WARN_ABOUT_RETURN_TYPE = YES_ERROR;
				GCC_WARN_UNDECLARED_SELECTOR = YES;
				GCC_WARN_UNINITIALIZED_AUTOS = YES_AGGRESSIVE;
				GCC_WARN_UNUSED_FUNCTION = YES;
				GCC_WARN_UNUSED_VARIABLE = YES;
				IPHONEOS_DEPLOYMENT_TARGET = 9.3;
				MTL_ENABLE_DEBUG_INFO = NO;
				SDKROOT = iphoneos;
				TARGETED_DEVICE_FAMILY = "1,2";
				VALIDATE_PRODUCT = YES;
			};
			name = Release;
		};
		5D5823811D654EEC000C3558 /* Debug */ = {
			isa = XCBuildConfiguration;
			buildSettings = {
				ASSETCATALOG_COMPILER_APPICON_NAME = AppIcon;
				INFOPLIST_FILE = circlecolorTest/Info.plist;
				LD_RUNPATH_SEARCH_PATHS = "$(inherited) @executable_path/Frameworks";
				PRODUCT_BUNDLE_IDENTIFIER = com.zhidoushi.circlecolorTest;
				PRODUCT_NAME = "$(TARGET_NAME)";
			};
			name = Debug;
		};
		5D5823821D654EEC000C3558 /* Release */ = {
			isa = XCBuildConfiguration;
			buildSettings = {
				ASSETCATALOG_COMPILER_APPICON_NAME = AppIcon;
				INFOPLIST_FILE = circlecolorTest/Info.plist;
				LD_RUNPATH_SEARCH_PATHS = "$(inherited) @executable_path/Frameworks";
				PRODUCT_BUNDLE_IDENTIFIER = com.zhidoushi.circlecolorTest;
				PRODUCT_NAME = "$(TARGET_NAME)";
			};
			name = Release;
		};
		5D5823841D654EEC000C3558 /* Debug */ = {
			isa = XCBuildConfiguration;
			buildSettings = {
				BUNDLE_LOADER = "$(TEST_HOST)";
				INFOPLIST_FILE = circlecolorTestTests/Info.plist;
				LD_RUNPATH_SEARCH_PATHS = "$(inherited) @executable_path/Frameworks @loader_path/Frameworks";
				PRODUCT_BUNDLE_IDENTIFIER = com.zhidoushi.circlecolorTestTests;
				PRODUCT_NAME = "$(TARGET_NAME)";
				TEST_HOST = "$(BUILT_PRODUCTS_DIR)/circlecolorTest.app/circlecolorTest";
			};
			name = Debug;
		};
		5D5823851D654EEC000C3558 /* Release */ = {
			isa = XCBuildConfiguration;
			buildSettings = {
				BUNDLE_LOADER = "$(TEST_HOST)";
				INFOPLIST_FILE = circlecolorTestTests/Info.plist;
				LD_RUNPATH_SEARCH_PATHS = "$(inherited) @executable_path/Frameworks @loader_path/Frameworks";
				PRODUCT_BUNDLE_IDENTIFIER = com.zhidoushi.circlecolorTestTests;
				PRODUCT_NAME = "$(TARGET_NAME)";
				TEST_HOST = "$(BUILT_PRODUCTS_DIR)/circlecolorTest.app/circlecolorTest";
			};
			name = Release;
		};
		5D5823871D654EEC000C3558 /* Debug */ = {
			isa = XCBuildConfiguration;
			buildSettings = {
				INFOPLIST_FILE = circlecolorTestUITests/Info.plist;
				LD_RUNPATH_SEARCH_PATHS = "$(inherited) @executable_path/Frameworks @loader_path/Frameworks";
				PRODUCT_BUNDLE_IDENTIFIER = com.zhidoushi.circlecolorTestUITests;
				PRODUCT_NAME = "$(TARGET_NAME)";
				TEST_TARGET_NAME = circlecolorTest;
			};
			name = Debug;
		};
		5D5823881D654EEC000C3558 /* Release */ = {
			isa = XCBuildConfiguration;
			buildSettings = {
				INFOPLIST_FILE = circlecolorTestUITests/Info.plist;
				LD_RUNPATH_SEARCH_PATHS = "$(inherited) @executable_path/Frameworks @loader_path/Frameworks";
				PRODUCT_BUNDLE_IDENTIFIER = com.zhidoushi.circlecolorTestUITests;
				PRODUCT_NAME = "$(TARGET_NAME)";
				TEST_TARGET_NAME = circlecolorTest;
			};
			name = Release;
		};
/* End XCBuildConfiguration section */

/* Begin XCConfigurationList section */
		5D58234E1D654EEC000C3558 /* Build configuration list for PBXProject "circlecolorTest" */ = {
			isa = XCConfigurationList;
			buildConfigurations = (
				5D58237E1D654EEC000C3558 /* Debug */,
				5D58237F1D654EEC000C3558 /* Release */,
			);
			defaultConfigurationIsVisible = 0;
			defaultConfigurationName = Release;
		};
		5D5823801D654EEC000C3558 /* Build configuration list for PBXNativeTarget "circlecolorTest" */ = {
			isa = XCConfigurationList;
			buildConfigurations = (
				5D5823811D654EEC000C3558 /* Debug */,
				5D5823821D654EEC000C3558 /* Release */,
			);
			defaultConfigurationIsVisible = 0;
		};
		5D5823831D654EEC000C3558 /* Build configuration list for PBXNativeTarget "circlecolorTestTests" */ = {
			isa = XCConfigurationList;
			buildConfigurations = (
				5D5823841D654EEC000C3558 /* Debug */,
				5D5823851D654EEC000C3558 /* Release */,
			);
			defaultConfigurationIsVisible = 0;
		};
		5D5823861D654EEC000C3558 /* Build configuration list for PBXNativeTarget "circlecolorTestUITests" */ = {
			isa = XCConfigurationList;
			buildConfigurations = (
				5D5823871D654EEC000C3558 /* Debug */,
				5D5823881D654EEC000C3558 /* Release */,
			);
			defaultConfigurationIsVisible = 0;
		};
/* End XCConfigurationList section */
	};
	rootObject = 5D58234B1D654EEC000C3558 /* Project object */;
}
